# Generated by component-test; do not edit.
version = "0.1"

[suite]
name = "conformance_guest_ct"
artifact_sha256 = "52c79ee95c46a7ab6f0cd1f2c829dc00c33af335860544f778ad1d2a781bccf8"

[[case]]
name = "probe/aead-wrap-grants"

[[case]]
name = "probe/aead-wrap-operations"

[[case]]
name = "probe/aes-import-wrong-length"

[[case]]
name = "probe/aes192-unsupported"

[[case]]
name = "probe/agreement-key-unwrap"

[[case]]
name = "probe/cbc-uniform-failure"

[[case]]
name = "probe/cipher-derive-key"

[[case]]
name = "probe/cipher-key-unwrap"

[[case]]
name = "probe/cipher-params-contract"

[[case]]
name = "probe/cipher-wrap-uniform-failure"

[[case]]
name = "probe/ctr-known-answers"

[[case]]
name = "probe/digest-reuse"

[[case]]
name = "probe/ecdh-agree-contract"

[[case]]
name = "probe/ecdh-chaining"

[[case]]
name = "probe/ecdh-format-roundtrips"

[[case]]
name = "probe/ecdh-key-contract"

[[case]]
name = "probe/ecdsa-cross-hash-variants"

[[case]]
name = "probe/ed25519-private-format-imports"

[[case]]
name = "probe/ed25519-sign-roundtrip"

[[case]]
name = "probe/gcm-full-parameters"

[[case]]
name = "probe/gcm-nonce-window"

[[case]]
name = "probe/hkdf-derive-key-equivalence"

[[case]]
name = "probe/hkdf-params-and-chaining"

[[case]]
name = "probe/hmac-generate-length"

[[case]]
name = "probe/hmac-import-empty-key"

[[case]]
name = "probe/hmac-sha384-sha512"

[[case]]
name = "probe/jwk-rejections"

[[case]]
name = "probe/jwk-semantics"

[[case]]
name = "probe/kdf-secret-unwrap"

[[case]]
name = "probe/kw-jwk-padding"

[[case]]
name = "probe/kw-key-contract"

[[case]]
name = "probe/large-stream"

[[case]]
name = "probe/mac-verify-rejects-truncated"

[[case]]
name = "probe/open-input-ends-on-invalid-nonce"

[[case]]
name = "probe/open-short-input"

[[case]]
name = "probe/pbkdf2-contract"

[[case]]
name = "probe/rsa-admission-contract"

[[case]]
name = "probe/rsa-key-contract"

[[case]]
name = "probe/rsa-pss-salt-binding"

[[case]]
name = "probe/seal-input-ends-on-invalid-nonce"

[[case]]
name = "probe/sealed-length"

[[case]]
name = "probe/sha1-checked-postures"
tags = ["sha1-checked"]

[[case]]
name = "probe/sha1-derive-surface"

[[case]]
name = "probe/sha2-truncated-unsupported"

[[case]]
name = "probe/sig-import-invalid"

[[case]]
name = "probe/sig-key-metadata"

[[case]]
name = "probe/sig-public-format-imports"

[[case]]
name = "probe/sign-prefix-drop"

[[case]]
name = "probe/signing-key-unwrap"

[[case]]
name = "probe/signing-usage-policy"

[[case]]
name = "probe/stream-empty-writes"

[[case]]
name = "probe/unwrap-jwk-usage-members"

[[case]]
name = "probe/verifying-key-export-roundtrip"

[[case]]
name = "probe/wrap-input-gates"

[[case]]
name = "probe/x25519-agree-contract"

[[case]]
name = "probe/x25519-chaining"

[[case]]
name = "probe/x25519-format-roundtrips"

[[case]]
name = "probe/x25519-key-contract"

[[case]]
name = "sha1-checked/decline/minting"
tags = ["!sha1-checked"]

[[generated]]
prefix = "aes-cbc/contract"

[[generated]]
prefix = "aes-cbc/wycheproof"

[[generated]]
prefix = "aes-ctr/contract"

[[generated]]
prefix = "aes-gcm/contract"

[[generated]]
prefix = "aes-gcm/wycheproof"

[[generated]]
prefix = "aes-kw/wycheproof"

[[generated]]
prefix = "ecdh-p256/wycheproof-ecpoint"

[[generated]]
prefix = "ecdh-p256/wycheproof-spki"

[[generated]]
prefix = "ecdh-p256/wycheproof-webcrypto"

[[generated]]
prefix = "ecdh-p384/wycheproof-ecpoint"

[[generated]]
prefix = "ecdh-p384/wycheproof-spki"

[[generated]]
prefix = "ecdh-p384/wycheproof-webcrypto"

[[generated]]
prefix = "ecdh/contract"

[[generated]]
prefix = "ecdsa-p256-sha256/wycheproof"

[[generated]]
prefix = "ecdsa-p384-sha384/wycheproof"

[[generated]]
prefix = "ed25519/speccheck"

[[generated]]
prefix = "ed25519/wycheproof"

[[generated]]
prefix = "hkdf-sha1/wycheproof"

[[generated]]
prefix = "hkdf-sha2/contract"

[[generated]]
prefix = "hkdf-sha256/wycheproof"

[[generated]]
prefix = "hkdf-sha384/wycheproof"

[[generated]]
prefix = "hkdf-sha512/wycheproof"

[[generated]]
prefix = "hmac-sha1/contract"

[[generated]]
prefix = "hmac-sha1/wycheproof"

[[generated]]
prefix = "hmac-sha2/contract"

[[generated]]
prefix = "hmac-sha256/wycheproof"

[[generated]]
prefix = "hmac-sha384/wycheproof"

[[generated]]
prefix = "hmac-sha512/wycheproof"

[[generated]]
prefix = "pbkdf2-sha1/wycheproof"

[[generated]]
prefix = "pbkdf2-sha2/contract"

[[generated]]
prefix = "pbkdf2-sha256/wycheproof"

[[generated]]
prefix = "pbkdf2-sha384/wycheproof"

[[generated]]
prefix = "pbkdf2-sha512/wycheproof"

[[generated]]
prefix = "rsa-pss-sha256-2048-salt0/wycheproof"

[[generated]]
prefix = "rsa-pss-sha256-2048-salt32/wycheproof"

[[generated]]
prefix = "rsa-pss-sha256-2048-salt32/wycheproof-params"

[[generated]]
prefix = "rsa-pss-sha256-3072-salt32/wycheproof"

[[generated]]
prefix = "rsa-pss-sha256-4096-salt32/wycheproof"

[[generated]]
prefix = "rsa-pss-sha384-2048-salt48/wycheproof"

[[generated]]
prefix = "rsa-pss-sha384-4096-salt48/wycheproof"

[[generated]]
prefix = "rsa-pss-sha512-4096-salt32/wycheproof"

[[generated]]
prefix = "rsa-pss-sha512-4096-salt64/wycheproof"

[[generated]]
prefix = "rsassa-pkcs1-v15-sha256-2048/wycheproof"

[[generated]]
prefix = "rsassa-pkcs1-v15-sha256-3072/wycheproof"

[[generated]]
prefix = "rsassa-pkcs1-v15-sha256-4096/wycheproof"

[[generated]]
prefix = "rsassa-pkcs1-v15-sha256-8192/wycheproof"

[[generated]]
prefix = "rsassa-pkcs1-v15-sha384-2048/wycheproof"

[[generated]]
prefix = "rsassa-pkcs1-v15-sha384-3072/wycheproof"

[[generated]]
prefix = "rsassa-pkcs1-v15-sha384-4096/wycheproof"

[[generated]]
prefix = "rsassa-pkcs1-v15-sha512-2048/wycheproof"

[[generated]]
prefix = "rsassa-pkcs1-v15-sha512-3072/wycheproof"

[[generated]]
prefix = "rsassa-pkcs1-v15-sha512-4096/wycheproof"

[[generated]]
prefix = "sha2/nist-cavp"

[[generated]]
prefix = "x25519/contract"

[[generated]]
prefix = "x25519/wycheproof"
