# Generated by component-test; do not edit.
version = "0.1"

[suite]
name = "conformance_guest_ct"
artifact_sha256 = "233119a83f4073fb29489274a60cebd48fba49bb67d464121b5bba3ad59bc4f6"

[[case]]
name = "chacha20-poly1305/decline/minting"
tags = ["!chacha20-poly1305"]

[[case]]
name = "probe/aead-wrap-grants"

[[case]]
name = "probe/aead-wrap-operations"

[[case]]
name = "probe/aes-import-wrong-length"

[[case]]
name = "probe/aes192-unsupported"

[[case]]
name = "probe/agreement-key-unwrap"

[[case]]
name = "probe/cbc-uniform-failure"

[[case]]
name = "probe/chacha-key-unwrap"
tags = ["chacha20-poly1305"]

[[case]]
name = "probe/chacha-nonce-lengths"
tags = ["chacha20-poly1305"]

[[case]]
name = "probe/chacha-tag-size-fixed"
tags = ["chacha20-poly1305"]

[[case]]
name = "probe/cipher-derive-key"

[[case]]
name = "probe/cipher-key-unwrap"

[[case]]
name = "probe/cipher-params-contract"

[[case]]
name = "probe/cipher-wrap-uniform-failure"

[[case]]
name = "probe/constant-time-equal"

[[case]]
name = "probe/ctr-known-answers"

[[case]]
name = "probe/digest-reuse"

[[case]]
name = "probe/ecdh-agree-contract"

[[case]]
name = "probe/ecdh-chaining"

[[case]]
name = "probe/ecdh-format-roundtrips"

[[case]]
name = "probe/ecdh-key-contract"

[[case]]
name = "probe/ecdsa-cross-hash-variants"

[[case]]
name = "probe/ed25519-private-format-imports"

[[case]]
name = "probe/ed25519-sign-roundtrip"

[[case]]
name = "probe/gcm-full-parameters"

[[case]]
name = "probe/gcm-nonce-window"

[[case]]
name = "probe/hkdf-derive-key-equivalence"

[[case]]
name = "probe/hkdf-params-and-chaining"

[[case]]
name = "probe/hmac-generate-length"

[[case]]
name = "probe/hmac-import-empty-key"

[[case]]
name = "probe/hmac-sha384-sha512"

[[case]]
name = "probe/internal-nonce-jwk"

[[case]]
name = "probe/internal-nonce-key-unwrap"

[[case]]
name = "probe/internal-nonce-shape"

[[case]]
name = "probe/jwk-rejections"

[[case]]
name = "probe/jwk-semantics"

[[case]]
name = "probe/kdf-secret-unwrap"

[[case]]
name = "probe/kw-jwk-padding"

[[case]]
name = "probe/kw-key-contract"

[[case]]
name = "probe/large-stream"

[[case]]
name = "probe/mac-verify-rejects-truncated"

[[case]]
name = "probe/open-input-ends-on-invalid-nonce"

[[case]]
name = "probe/open-short-input"

[[case]]
name = "probe/pbkdf2-contract"

[[case]]
name = "probe/seal-input-ends-on-invalid-nonce"

[[case]]
name = "probe/sealed-length"

[[case]]
name = "probe/sha1-checked-postures"
tags = ["sha1-checked"]

[[case]]
name = "probe/sha1-derive-surface"

[[case]]
name = "probe/sha2-truncated-unsupported"

[[case]]
name = "probe/sig-import-invalid"

[[case]]
name = "probe/sig-key-metadata"

[[case]]
name = "probe/sig-public-format-imports"

[[case]]
name = "probe/sign-prefix-drop"

[[case]]
name = "probe/signing-key-unwrap"

[[case]]
name = "probe/signing-usage-policy"

[[case]]
name = "probe/stream-empty-writes"

[[case]]
name = "probe/unwrap-jwk-usage-members"

[[case]]
name = "probe/verifying-key-export-roundtrip"

[[case]]
name = "probe/wrap-input-gates"

[[case]]
name = "probe/x25519-agree-contract"

[[case]]
name = "probe/x25519-chaining"

[[case]]
name = "probe/x25519-format-roundtrips"

[[case]]
name = "probe/x25519-key-contract"

[[case]]
name = "probe/xchacha-jwk-unsupported"
tags = ["xchacha20-poly1305"]

[[case]]
name = "probe/xchacha-key-unwrap"
tags = ["xchacha20-poly1305"]

[[case]]
name = "probe/xchacha-nonce-lengths"
tags = ["xchacha20-poly1305"]

[[case]]
name = "sha1-checked/decline/minting"
tags = ["!sha1-checked"]

[[case]]
name = "xchacha20-poly1305/decline/minting"
tags = ["!xchacha20-poly1305"]

[[generated]]
prefix = "aes-cbc/contract"

[[generated]]
prefix = "aes-cbc/wycheproof"

[[generated]]
prefix = "aes-ctr/contract"

[[generated]]
prefix = "aes-gcm-internal-nonce/contract"

[[generated]]
prefix = "aes-gcm-internal-nonce/wycheproof"

[[generated]]
prefix = "aes-gcm/contract"

[[generated]]
prefix = "aes-gcm/wycheproof"

[[generated]]
prefix = "aes-kw/wycheproof"

[[generated]]
prefix = "chacha20-poly1305/contract"
tags = ["chacha20-poly1305"]

[[generated]]
prefix = "chacha20-poly1305/wycheproof"
tags = ["chacha20-poly1305"]

[[generated]]
prefix = "ecdh-p256/wycheproof-ecpoint"

[[generated]]
prefix = "ecdh-p256/wycheproof-spki"

[[generated]]
prefix = "ecdh-p256/wycheproof-webcrypto"

[[generated]]
prefix = "ecdh-p384/wycheproof-ecpoint"

[[generated]]
prefix = "ecdh-p384/wycheproof-spki"

[[generated]]
prefix = "ecdh-p384/wycheproof-webcrypto"

[[generated]]
prefix = "ecdh/contract"

[[generated]]
prefix = "ecdsa-p256-sha256/wycheproof"

[[generated]]
prefix = "ecdsa-p384-sha384/wycheproof"

[[generated]]
prefix = "ed25519/speccheck"

[[generated]]
prefix = "ed25519/wycheproof"

[[generated]]
prefix = "hkdf-sha1/wycheproof"

[[generated]]
prefix = "hkdf-sha2/contract"

[[generated]]
prefix = "hkdf-sha256/wycheproof"

[[generated]]
prefix = "hkdf-sha384/wycheproof"

[[generated]]
prefix = "hkdf-sha512/wycheproof"

[[generated]]
prefix = "hmac-sha1/contract"

[[generated]]
prefix = "hmac-sha1/wycheproof"

[[generated]]
prefix = "hmac-sha2/contract"

[[generated]]
prefix = "hmac-sha256/wycheproof"

[[generated]]
prefix = "hmac-sha384/wycheproof"

[[generated]]
prefix = "hmac-sha512/wycheproof"

[[generated]]
prefix = "pbkdf2-sha1/wycheproof"

[[generated]]
prefix = "pbkdf2-sha2/contract"

[[generated]]
prefix = "pbkdf2-sha256/wycheproof"

[[generated]]
prefix = "pbkdf2-sha384/wycheproof"

[[generated]]
prefix = "pbkdf2-sha512/wycheproof"

[[generated]]
prefix = "sha2/nist-cavp"

[[generated]]
prefix = "x25519/contract"

[[generated]]
prefix = "x25519/wycheproof"

[[generated]]
prefix = "xchacha20-poly1305-internal-nonce/contract"
tags = ["xchacha20-poly1305"]

[[generated]]
prefix = "xchacha20-poly1305-internal-nonce/wycheproof"
tags = ["xchacha20-poly1305"]

[[generated]]
prefix = "xchacha20-poly1305/contract"
tags = ["xchacha20-poly1305"]

[[generated]]
prefix = "xchacha20-poly1305/wycheproof"
tags = ["xchacha20-poly1305"]
