# Generated by component-test; do not edit.
version = "0.1"

[suite]
name = "conformance_signing_guest_ct"
artifact_sha256 = "5e27118530615bfe0a1058a76631d822e4ceabbbb3e0643c04828a6cd60142c0"

[[case]]
name = "probe/ecdsa-cross-hash-sign-roundtrip"

[[case]]
name = "probe/ecdsa-p256-sign-roundtrip"

[[case]]
name = "probe/ecdsa-p384-generate-roundtrip"

[[case]]
name = "probe/ecdsa-p521-unsupported"

[[case]]
name = "probe/ecdsa-private-format-imports"

[[case]]
name = "probe/ecdsa-sign-extractable-getter"

[[case]]
name = "probe/ecdsa-signing-key-exports"

[[case]]
name = "probe/ecdsa-unwrap-signing-key"
