# Generated by component-test; do not edit.
version = "0.1"

[suite]
name = "conformance_signing_guest_ct"
artifact_sha256 = "f7d2d9873e1373d2856f02128ef90f41f5e8aef06343449f6399057439adfa5d"

[[case]]
name = "probe/ecdsa-cross-hash-sign-roundtrip"

[[case]]
name = "probe/ecdsa-p256-sign-roundtrip"

[[case]]
name = "probe/ecdsa-p384-generate-roundtrip"

[[case]]
name = "probe/ecdsa-p521-unsupported"

[[case]]
name = "probe/ecdsa-private-format-imports"

[[case]]
name = "probe/ecdsa-sign-extractable-getter"

[[case]]
name = "probe/ecdsa-signing-key-exports"

[[case]]
name = "probe/ecdsa-unwrap-signing-key"

[[case]]
name = "probe/rsa-oaep-admission"
tags = ["rsa-oaep-decrypt"]

[[case]]
name = "probe/rsa-oaep-declined"
tags = ["rsa-oaep-decrypt"]

[[case]]
name = "probe/rsa-oaep-encrypt-contract"

[[case]]
name = "probe/rsa-oaep-round-trip"
tags = ["rsa-oaep-decrypt"]

[[case]]
name = "probe/rsa-pss-sign-round-trip"
tags = ["rsa-sign"]

[[case]]
name = "probe/rsa-sign-admission"
tags = ["rsa-sign"]

[[case]]
name = "probe/rsa-sign-declined"
tags = ["rsa-sign"]

[[case]]
name = "probe/rsa-sign-key-contract"
tags = ["rsa-sign"]

[[case]]
name = "rsa-oaep-decrypt/decline/minting"
tags = ["!rsa-oaep-decrypt"]

[[case]]
name = "rsa-sign/decline/minting"
tags = ["!rsa-sign"]

[[generated]]
prefix = "rsa-oaep-sha256-2048/wycheproof"
tags = ["rsa-oaep-decrypt"]

[[generated]]
prefix = "rsa-oaep-sha256-2048/wycheproof-misc"
tags = ["rsa-oaep-decrypt"]

[[generated]]
prefix = "rsa-oaep-sha256-2688/wycheproof-misc"
tags = ["rsa-oaep-decrypt"]

[[generated]]
prefix = "rsa-oaep-sha256-3072/wycheproof"
tags = ["rsa-oaep-decrypt"]

[[generated]]
prefix = "rsa-oaep-sha256-3072/wycheproof-misc"
tags = ["rsa-oaep-decrypt"]

[[generated]]
prefix = "rsa-oaep-sha256-4032/wycheproof-misc"
tags = ["rsa-oaep-decrypt"]

[[generated]]
prefix = "rsa-oaep-sha256-4096/wycheproof"
tags = ["rsa-oaep-decrypt"]

[[generated]]
prefix = "rsa-oaep-sha256-4096/wycheproof-misc"
tags = ["rsa-oaep-decrypt"]

[[generated]]
prefix = "rsa-oaep-sha256-8192/wycheproof-misc"
tags = ["rsa-oaep-decrypt"]

[[generated]]
prefix = "rsa-oaep-sha384-2048/wycheproof"
tags = ["rsa-oaep-decrypt"]

[[generated]]
prefix = "rsa-oaep-sha384-2048/wycheproof-misc"
tags = ["rsa-oaep-decrypt"]

[[generated]]
prefix = "rsa-oaep-sha384-3072/wycheproof-misc"
tags = ["rsa-oaep-decrypt"]

[[generated]]
prefix = "rsa-oaep-sha384-3104/wycheproof-misc"
tags = ["rsa-oaep-decrypt"]

[[generated]]
prefix = "rsa-oaep-sha384-4096/wycheproof-misc"
tags = ["rsa-oaep-decrypt"]

[[generated]]
prefix = "rsa-oaep-sha384-8192/wycheproof-misc"
tags = ["rsa-oaep-decrypt"]

[[generated]]
prefix = "rsa-oaep-sha512-2048/wycheproof"
tags = ["rsa-oaep-decrypt"]

[[generated]]
prefix = "rsa-oaep-sha512-2048/wycheproof-misc"
tags = ["rsa-oaep-decrypt"]

[[generated]]
prefix = "rsa-oaep-sha512-3072/wycheproof"
tags = ["rsa-oaep-decrypt"]

[[generated]]
prefix = "rsa-oaep-sha512-3072/wycheproof-misc"
tags = ["rsa-oaep-decrypt"]

[[generated]]
prefix = "rsa-oaep-sha512-4096/wycheproof"
tags = ["rsa-oaep-decrypt"]

[[generated]]
prefix = "rsa-oaep-sha512-4096/wycheproof-misc"
tags = ["rsa-oaep-decrypt"]

[[generated]]
prefix = "rsa-oaep-sha512-8192/wycheproof-misc"
tags = ["rsa-oaep-decrypt"]

[[generated]]
prefix = "rsassa-pkcs1-v15-sha256-2048/wycheproof-sig-gen"
tags = ["rsa-sign"]

[[generated]]
prefix = "rsassa-pkcs1-v15-sha256-3072/wycheproof-sig-gen"
tags = ["rsa-sign"]

[[generated]]
prefix = "rsassa-pkcs1-v15-sha256-4096/wycheproof-sig-gen"
tags = ["rsa-sign"]

[[generated]]
prefix = "rsassa-pkcs1-v15-sha384-2048/wycheproof-sig-gen"
tags = ["rsa-sign"]

[[generated]]
prefix = "rsassa-pkcs1-v15-sha384-3072/wycheproof-sig-gen"
tags = ["rsa-sign"]

[[generated]]
prefix = "rsassa-pkcs1-v15-sha384-4096/wycheproof-sig-gen"
tags = ["rsa-sign"]

[[generated]]
prefix = "rsassa-pkcs1-v15-sha512-2048/wycheproof-sig-gen"
tags = ["rsa-sign"]

[[generated]]
prefix = "rsassa-pkcs1-v15-sha512-3072/wycheproof-sig-gen"
tags = ["rsa-sign"]

[[generated]]
prefix = "rsassa-pkcs1-v15-sha512-4096/wycheproof-sig-gen"
tags = ["rsa-sign"]
