# The conformance suite's cases, one per line (name, plus the feature tags
# it exercises), in suite order. Generated by `just update-conformance-lock`;
# do not edit. The runner validates every results file against this
# inventory, so case changes must land here intentionally.
cases = [
    { name = "probe/ecdsa-p256-sign-roundtrip" },
    { name = "probe/ecdsa-p384-generate-roundtrip" },
    { name = "probe/ecdsa-sign-key-export" },
    { name = "probe/ecdsa-sign-invalid-scalar" },
]
